
Microsoft Visual Studio Solution File, Format Version 12.00
# Visual Studio Version 17
VisualStudioVersion = 17.14.36915.13 d17.14
MinimumVisualStudioVersion = 10.0.40219.1
Project("{FAE04EC0-301F-11D3-BF4B-00C04F79EFBC}") = "ProyectoAjedrezPC", "ProyectoAjedrezPC\ProyectoAjedrezPC.csproj", "{E6D872C5-5ABC-4FCE-8CA0-2F5A1D76DDA5}"
EndProject
Global
	GlobalSection(SolutionConfigurationPlatforms) = preSolution
		Debug|Any CPU = Debug|Any CPU
		Release|Any CPU = Release|Any CPU
	EndGlobalSection
	GlobalSection(ProjectConfigurationPlatforms) = postSolution
		{E6D872C5-5ABC-4FCE-8CA0-2F5A1D76DDA5}.Debug|Any CPU.ActiveCfg = Debug|Any CPU
		{E6D872C5-5ABC-4FCE-8CA0-2F5A1D76DDA5}.Debug|Any CPU.Build.0 = Debug|Any CPU
		{E6D872C5-5ABC-4FCE-8CA0-2F5A1D76DDA5}.Release|Any CPU.ActiveCfg = Release|Any CPU
		{E6D872C5-5ABC-4FCE-8CA0-2F5A1D76DDA5}.Release|Any CPU.Build.0 = Release|Any CPU
	EndGlobalSection
	GlobalSection(SolutionProperties) = preSolution
		HideSolutionNode = FALSE
	EndGlobalSection
	GlobalSection(ExtensibilityGlobals) = postSolution
		SolutionGuid = {2EAA00F9-1BE9-445C-A467-738B61EB57AC}
	EndGlobalSection
EndGlobal
